{
  "name": "ganfan",
  "version": "1.0.0",
  "lockfileVersion": 1,
  "requires": true,
  "dependencies": {
    "@vant/weapp": {
      "version": "1.6.8",
      "resolved": "https://registry.nlark.com/@vant/weapp/download/@vant/weapp-1.6.8.tgz",
      "integrity": "sha1-lIrhb7oHxaIFTFJ4PyKq9qBEU+E="
    },
    "wxa-plugin-canvas": {
      "version": "1.1.12",
      "resolved": "https://registry.npm.taobao.org/wxa-plugin-canvas/download/wxa-plugin-canvas-1.1.12.tgz",
      "integrity": "sha1-Y5qYV+SEnKa6w1UsltVEG+ueKPY="
    }
  }
}
